
Microsoft Visual Studio Solution File, Format Version 12.00
# Visual Studio 15
VisualStudioVersion = 15.0.28307.779
MinimumVisualStudioVersion = 10.0.40219.1
Project("{FAE04EC0-301F-11D3-BF4B-00C04F79EFBC}") = "Lab01", "Lab01\Lab01.csproj", "{44078C7D-9758-4039-8C2D-37107F782AB8}"
EndProject
Global
	GlobalSection(SolutionConfigurationPlatforms) = preSolution
		Debug|Any CPU = Debug|Any CPU
		Release|Any CPU = Release|Any CPU
	EndGlobalSection
	GlobalSection(ProjectConfigurationPlatforms) = postSolution
		{44078C7D-9758-4039-8C2D-37107F782AB8}.Debug|Any CPU.ActiveCfg = Debug|Any CPU
		{44078C7D-9758-4039-8C2D-37107F782AB8}.Debug|Any CPU.Build.0 = Debug|Any CPU
		{44078C7D-9758-4039-8C2D-37107F782AB8}.Release|Any CPU.ActiveCfg = Release|Any CPU
		{44078C7D-9758-4039-8C2D-37107F782AB8}.Release|Any CPU.Build.0 = Release|Any CPU
	EndGlobalSection
	GlobalSection(SolutionProperties) = preSolution
		HideSolutionNode = FALSE
	EndGlobalSection
	GlobalSection(ExtensibilityGlobals) = postSolution
		SolutionGuid = {4F2C9BA4-FD2E-463F-BA29-256AB376A9CA}
	EndGlobalSection
EndGlobal
